
Microsoft Visual Studio Solution File, Format Version 12.00
# Visual Studio Version 17
VisualStudioVersion = 17.3.32825.248
MinimumVisualStudioVersion = 10.0.40219.1
Project("{FAE04EC0-301F-11D3-BF4B-00C04F79EFBC}") = "MotMeles", "MotMeles.csproj", "{0502FAA6-5FBD-40C7-9520-39D1D73F2089}"
EndProject
Global
	GlobalSection(SolutionConfigurationPlatforms) = preSolution
		Debug|Any CPU = Debug|Any CPU
		Release|Any CPU = Release|Any CPU
	EndGlobalSection
	GlobalSection(ProjectConfigurationPlatforms) = postSolution
		{0502FAA6-5FBD-40C7-9520-39D1D73F2089}.Debug|Any CPU.ActiveCfg = Debug|Any CPU
		{0502FAA6-5FBD-40C7-9520-39D1D73F2089}.Debug|Any CPU.Build.0 = Debug|Any CPU
		{0502FAA6-5FBD-40C7-9520-39D1D73F2089}.Release|Any CPU.ActiveCfg = Release|Any CPU
		{0502FAA6-5FBD-40C7-9520-39D1D73F2089}.Release|Any CPU.Build.0 = Release|Any CPU
	EndGlobalSection
	GlobalSection(SolutionProperties) = preSolution
		HideSolutionNode = FALSE
	EndGlobalSection
	GlobalSection(ExtensibilityGlobals) = postSolution
		SolutionGuid = {29EA27F9-5ADD-4E0E-8399-27DF025894B0}
	EndGlobalSection
EndGlobal
