
Microsoft Visual Studio Solution File, Format Version 12.00
# Visual Studio Version 17
VisualStudioVersion = 17.3.32825.248
MinimumVisualStudioVersion = 10.0.40219.1
Project("{FAE04EC0-301F-11D3-BF4B-00C04F79EFBC}") = "MotMeles_v1", "MotMeles_v1.csproj", "{0F35D3FE-5566-43B6-8F8F-1318FA369482}"
EndProject
Project("{FAE04EC0-301F-11D3-BF4B-00C04F79EFBC}") = "UnitTestProject1", "..\UnitTestProject1\UnitTestProject1.csproj", "{6CF804AA-F825-44A3-8953-33354063133D}"
EndProject
Global
	GlobalSection(SolutionConfigurationPlatforms) = preSolution
		Debug|Any CPU = Debug|Any CPU
		Release|Any CPU = Release|Any CPU
	EndGlobalSection
	GlobalSection(ProjectConfigurationPlatforms) = postSolution
		{0F35D3FE-5566-43B6-8F8F-1318FA369482}.Debug|Any CPU.ActiveCfg = Debug|Any CPU
		{0F35D3FE-5566-43B6-8F8F-1318FA369482}.Debug|Any CPU.Build.0 = Debug|Any CPU
		{0F35D3FE-5566-43B6-8F8F-1318FA369482}.Release|Any CPU.ActiveCfg = Release|Any CPU
		{0F35D3FE-5566-43B6-8F8F-1318FA369482}.Release|Any CPU.Build.0 = Release|Any CPU
		{6CF804AA-F825-44A3-8953-33354063133D}.Debug|Any CPU.ActiveCfg = Debug|Any CPU
		{6CF804AA-F825-44A3-8953-33354063133D}.Debug|Any CPU.Build.0 = Debug|Any CPU
		{6CF804AA-F825-44A3-8953-33354063133D}.Release|Any CPU.ActiveCfg = Release|Any CPU
		{6CF804AA-F825-44A3-8953-33354063133D}.Release|Any CPU.Build.0 = Release|Any CPU
	EndGlobalSection
	GlobalSection(SolutionProperties) = preSolution
		HideSolutionNode = FALSE
	EndGlobalSection
	GlobalSection(ExtensibilityGlobals) = postSolution
		SolutionGuid = {A448C76D-E70E-4DCF-BB7F-8DEB2D9621F6}
	EndGlobalSection
EndGlobal
